// !$*UTF8*$!
{
	archiveVersion = 1;
	classes = {
	};
	objectVersion = 50;
	objects = {

/* Begin PBXBuildFile section */
		0C8495AF4582860D16A8E061 /* Pods_movie.framework in Frameworks */ = {isa = PBXBuildFile; fileRef = A446F219432648A172747377 /* Pods_movie.framework */; };
		3EA28C1DDC7FAC2FDDB5F4A6 /* Pods_movieTests.framework in Frameworks */ = {isa = PBXBuildFile; fileRef = 089181733527FE09DFD2DD47 /* Pods_movieTests.framework */; };
		5BDCBE88BB7D2209E0B3A1BB /* Pods_movieUITests.framework in Frameworks */ = {isa = PBXBuildFile; fileRef = 8F7429C1AAEF9993E5EAF770 /* Pods_movieUITests.framework */; };
		9D516A1321649B66006C5FDE /* AppDelegate.swift in Sources */ = {isa = PBXBuildFile; fileRef = 9D516A1221649B66006C5FDE /* AppDelegate.swift */; };
		9D516A1521649B66006C5FDE /* ViewController.swift in Sources */ = {isa = PBXBuildFile; fileRef = 9D516A1421649B66006C5FDE /* ViewController.swift */; };
		9D516A1821649B66006C5FDE /* Main.storyboard in Resources */ = {isa = PBXBuildFile; fileRef = 9D516A1621649B66006C5FDE /* Main.storyboard */; };
		9D516A1A21649B69006C5FDE /* Assets.xcassets in Resources */ = {isa = PBXBuildFile; fileRef = 9D516A1921649B69006C5FDE /* Assets.xcassets */; };
		9D516A1D21649B69006C5FDE /* LaunchScreen.storyboard in Resources */ = {isa = PBXBuildFile; fileRef = 9D516A1B21649B69006C5FDE /* LaunchScreen.storyboard */; };
		9D516A2821649B69006C5FDE /* movieTests.swift in Sources */ = {isa = PBXBuildFile; fileRef = 9D516A2721649B69006C5FDE /* movieTests.swift */; };
		9D516A3321649B69006C5FDE /* movieUITests.swift in Sources */ = {isa = PBXBuildFile; fileRef = 9D516A3221649B69006C5FDE /* movieUITests.swift */; };
		9D516A482164A2B2006C5FDE /* homeicon.png in Resources */ = {isa = PBXBuildFile; fileRef = 9D516A472164A2B2006C5FDE /* homeicon.png */; };
		9D516A4E2164ABC6006C5FDE /* apple1 2.jpeg in Resources */ = {isa = PBXBuildFile; fileRef = 9D516A492164ABC6006C5FDE /* apple1 2.jpeg */; };
		9D516A4F2164ABC6006C5FDE /* apple2 2.jpeg in Resources */ = {isa = PBXBuildFile; fileRef = 9D516A4A2164ABC6006C5FDE /* apple2 2.jpeg */; };
		9D516A502164ABC6006C5FDE /* apple4 2.jpeg in Resources */ = {isa = PBXBuildFile; fileRef = 9D516A4B2164ABC6006C5FDE /* apple4 2.jpeg */; };
		9D516A512164ABC6006C5FDE /* apple3 2.jpeg in Resources */ = {isa = PBXBuildFile; fileRef = 9D516A4C2164ABC6006C5FDE /* apple3 2.jpeg */; };
		9D516A522164ABC6006C5FDE /* apple5 2.jpeg in Resources */ = {isa = PBXBuildFile; fileRef = 9D516A4D2164ABC6006C5FDE /* apple5 2.jpeg */; };
		9D516AD8216A5AAB006C5FDE /* SingupViewController.swift in Sources */ = {isa = PBXBuildFile; fileRef = 9D516AD7216A5AAB006C5FDE /* SingupViewController.swift */; };
		9D516ADA216A5D69006C5FDE /* LoginViewController.swift in Sources */ = {isa = PBXBuildFile; fileRef = 9D516AD9216A5D69006C5FDE /* LoginViewController.swift */; };
		9D516ADC216A642C006C5FDE /* PostViewController.swift in Sources */ = {isa = PBXBuildFile; fileRef = 9D516ADB216A642B006C5FDE /* PostViewController.swift */; };
		9D516ADE216A7E43006C5FDE /* Post.swift in Sources */ = {isa = PBXBuildFile; fileRef = 9D516ADD216A7E43006C5FDE /* Post.swift */; };
		9D516AE2216B0606006C5FDE /* GoogleService-Info.plist in Resources */ = {isa = PBXBuildFile; fileRef = 9D516AE1216B0606006C5FDE /* GoogleService-Info.plist */; };
		9D516AE6216B269C006C5FDE /* TimeLineViewController.swift in Sources */ = {isa = PBXBuildFile; fileRef = 9D516AE5216B269C006C5FDE /* TimeLineViewController.swift */; };
/* End PBXBuildFile section */

/* Begin PBXContainerItemProxy section */
		9D516A2421649B69006C5FDE /* PBXContainerItemProxy */ = {
			isa = PBXContainerItemProxy;
			containerPortal = 9D516A0721649B66006C5FDE /* Project object */;
			proxyType = 1;
			remoteGlobalIDString = 9D516A0E21649B66006C5FDE;
			remoteInfo = movie;
		};
		9D516A2F21649B69006C5FDE /* PBXContainerItemProxy */ = {
			isa = PBXContainerItemProxy;
			containerPortal = 9D516A0721649B66006C5FDE /* Project object */;
			proxyType = 1;
			remoteGlobalIDString = 9D516A0E21649B66006C5FDE;
			remoteInfo = movie;
		};
/* End PBXContainerItemProxy section */

/* Begin PBXFileReference section */
		02E9D1EBDCA92769FC7C6C3C /* Pods-movieTests.release.xcconfig */ = {isa = PBXFileReference; includeInIndex = 1; lastKnownFileType = text.xcconfig; name = "Pods-movieTests.release.xcconfig"; path = "Pods/Target Support Files/Pods-movieTests/Pods-movieTests.release.xcconfig"; sourceTree = "<group>"; };
		089181733527FE09DFD2DD47 /* Pods_movieTests.framework */ = {isa = PBXFileReference; explicitFileType = wrapper.framework; includeInIndex = 0; path = Pods_movieTests.framework; sourceTree = BUILT_PRODUCTS_DIR; };
		5088D3762E3AFF79988EED89 /* Pods-movieUITests.debug.xcconfig */ = {isa = PBXFileReference; includeInIndex = 1; lastKnownFileType = text.xcconfig; name = "Pods-movieUITests.debug.xcconfig"; path = "Pods/Target Support Files/Pods-movieUITests/Pods-movieUITests.debug.xcconfig"; sourceTree = "<group>"; };
		626F657E8ED550F4DF4988B7 /* Pods-movieTests.debug.xcconfig */ = {isa = PBXFileReference; includeInIndex = 1; lastKnownFileType = text.xcconfig; name = "Pods-movieTests.debug.xcconfig"; path = "Pods/Target Support Files/Pods-movieTests/Pods-movieTests.debug.xcconfig"; sourceTree = "<group>"; };
		64E7546D4DA1B0E763EA7172 /* Pods-movieUITests.release.xcconfig */ = {isa = PBXFileReference; includeInIndex = 1; lastKnownFileType = text.xcconfig; name = "Pods-movieUITests.release.xcconfig"; path = "Pods/Target Support Files/Pods-movieUITests/Pods-movieUITests.release.xcconfig"; sourceTree = "<group>"; };
		8F7429C1AAEF9993E5EAF770 /* Pods_movieUITests.framework */ = {isa = PBXFileReference; explicitFileType = wrapper.framework; includeInIndex = 0; path = Pods_movieUITests.framework; sourceTree = BUILT_PRODUCTS_DIR; };
		9D516A0F21649B66006C5FDE /* movie.app */ = {isa = PBXFileReference; explicitFileType = wrapper.application; includeInIndex = 0; path = movie.app; sourceTree = BUILT_PRODUCTS_DIR; };
		9D516A1221649B66006C5FDE /* AppDelegate.swift */ = {isa = PBXFileReference; lastKnownFileType = sourcecode.swift; path = AppDelegate.swift; sourceTree = "<group>"; };
		9D516A1421649B66006C5FDE /* ViewController.swift */ = {isa = PBXFileReference; lastKnownFileType = sourcecode.swift; path = ViewController.swift; sourceTree = "<group>"; };
		9D516A1721649B66006C5FDE /* Base */ = {isa = PBXFileReference; lastKnownFileType = file.storyboard; name = Base; path = Base.lproj/Main.storyboard; sourceTree = "<group>"; };
		9D516A1921649B69006C5FDE /* Assets.xcassets */ = {isa = PBXFileReference; lastKnownFileType = folder.assetcatalog; path = Assets.xcassets; sourceTree = "<group>"; };
		9D516A1C21649B69006C5FDE /* Base */ = {isa = PBXFileReference; lastKnownFileType = file.storyboard; name = Base; path = Base.lproj/LaunchScreen.storyboard; sourceTree = "<group>"; };
		9D516A1E21649B69006C5FDE /* Info.plist */ = {isa = PBXFileReference; lastKnownFileType = text.plist.xml; path = Info.plist; sourceTree = "<group>"; };
		9D516A2321649B69006C5FDE /* movieTests.xctest */ = {isa = PBXFileReference; explicitFileType = wrapper.cfbundle; includeInIndex = 0; path = movieTests.xctest; sourceTree = BUILT_PRODUCTS_DIR; };
		9D516A2721649B69006C5FDE /* movieTests.swift */ = {isa = PBXFileReference; lastKnownFileType = sourcecode.swift; path = movieTests.swift; sourceTree = "<group>"; };
		9D516A2921649B69006C5FDE /* Info.plist */ = {isa = PBXFileReference; lastKnownFileType = text.plist.xml; path = Info.plist; sourceTree = "<group>"; };
		9D516A2E21649B69006C5FDE /* movieUITests.xctest */ = {isa = PBXFileReference; explicitFileType = wrapper.cfbundle; includeInIndex = 0; path = movieUITests.xctest; sourceTree = BUILT_PRODUCTS_DIR; };
		9D516A3221649B69006C5FDE /* movieUITests.swift */ = {isa = PBXFileReference; lastKnownFileType = sourcecode.swift; path = movieUITests.swift; sourceTree = "<group>"; };
		9D516A3421649B69006C5FDE /* Info.plist */ = {isa = PBXFileReference; lastKnownFileType = text.plist.xml; path = Info.plist; sourceTree = "<group>"; };
		9D516A472164A2B2006C5FDE /* homeicon.png */ = {isa = PBXFileReference; lastKnownFileType = image.png; path = homeicon.png; sourceTree = "<group>"; };
		9D516A492164ABC6006C5FDE /* apple1 2.jpeg */ = {isa = PBXFileReference; lastKnownFileType = image.jpeg; path = "apple1 2.jpeg"; sourceTree = "<group>"; };
		9D516A4A2164ABC6006C5FDE /* apple2 2.jpeg */ = {isa = PBXFileReference; lastKnownFileType = image.jpeg; path = "apple2 2.jpeg"; sourceTree = "<group>"; };
		9D516A4B2164ABC6006C5FDE /* apple4 2.jpeg */ = {isa = PBXFileReference; lastKnownFileType = image.jpeg; path = "apple4 2.jpeg"; sourceTree = "<group>"; };
		9D516A4C2164ABC6006C5FDE /* apple3 2.jpeg */ = {isa = PBXFileReference; lastKnownFileType = image.jpeg; path = "apple3 2.jpeg"; sourceTree = "<group>"; };
		9D516A4D2164ABC6006C5FDE /* apple5 2.jpeg */ = {isa = PBXFileReference; lastKnownFileType = image.jpeg; path = "apple5 2.jpeg"; sourceTree = "<group>"; };
		9D516AD7216A5AAB006C5FDE /* SingupViewController.swift */ = {isa = PBXFileReference; lastKnownFileType = sourcecode.swift; path = SingupViewController.swift; sourceTree = "<group>"; };
		9D516AD9216A5D69006C5FDE /* LoginViewController.swift */ = {isa = PBXFileReference; lastKnownFileType = sourcecode.swift; path = LoginViewController.swift; sourceTree = "<group>"; };
		9D516ADB216A642B006C5FDE /* PostViewController.swift */ = {isa = PBXFileReference; lastKnownFileType = sourcecode.swift; path = PostViewController.swift; sourceTree = "<group>"; };
		9D516ADD216A7E43006C5FDE /* Post.swift */ = {isa = PBXFileReference; lastKnownFileType = sourcecode.swift; path = Post.swift; sourceTree = "<group>"; };
		9D516AE1216B0606006C5FDE /* GoogleService-Info.plist */ = {isa = PBXFileReference; fileEncoding = 4; lastKnownFileType = text.plist.xml; name = "GoogleService-Info.plist"; path = "../../../../Downloads/GoogleService-Info.plist"; sourceTree = "<group>"; };
		9D516AE5216B269C006C5FDE /* TimeLineViewController.swift */ = {isa = PBXFileReference; lastKnownFileType = sourcecode.swift; path = TimeLineViewController.swift; sourceTree = "<group>"; };
		A446F219432648A172747377 /* Pods_movie.framework */ = {isa = PBXFileReference; explicitFileType = wrapper.framework; includeInIndex = 0; path = Pods_movie.framework; sourceTree = BUILT_PRODUCTS_DIR; };
		B1B26879D7B687DD38CD1814 /* Pods-movie.release.xcconfig */ = {isa = PBXFileReference; includeInIndex = 1; lastKnownFileType = text.xcconfig; name = "Pods-movie.release.xcconfig"; path = "Pods/Target Support Files/Pods-movie/Pods-movie.release.xcconfig"; sourceTree = "<group>"; };
		CCAFA43F24E1117B50A4689E /* Pods-movie.debug.xcconfig */ = {isa = PBXFileReference; includeInIndex = 1; lastKnownFileType = text.xcconfig; name = "Pods-movie.debug.xcconfig"; path = "Pods/Target Support Files/Pods-movie/Pods-movie.debug.xcconfig"; sourceTree = "<group>"; };
/* End PBXFileReference section */

/* Begin PBXFrameworksBuildPhase section */
		9D516A0C21649B66006C5FDE /* Frameworks */ = {
			isa = PBXFrameworksBuildPhase;
			buildActionMask = 2147483647;
			files = (
				0C8495AF4582860D16A8E061 /* Pods_movie.framework in Frameworks */,
			);
			runOnlyForDeploymentPostprocessing = 0;
		};
		9D516A2021649B69006C5FDE /* Frameworks */ = {
			isa = PBXFrameworksBuildPhase;
			buildActionMask = 2147483647;
			files = (
				3EA28C1DDC7FAC2FDDB5F4A6 /* Pods_movieTests.framework in Frameworks */,
			);
			runOnlyForDeploymentPostprocessing = 0;
		};
		9D516A2B21649B69006C5FDE /* Frameworks */ = {
			isa = PBXFrameworksBuildPhase;
			buildActionMask = 2147483647;
			files = (
				5BDCBE88BB7D2209E0B3A1BB /* Pods_movieUITests.framework in Frameworks */,
			);
			runOnlyForDeploymentPostprocessing = 0;
		};
/* End PBXFrameworksBuildPhase section */

/* Begin PBXGroup section */
		3C76E0B785AD8FA2A9D79F76 /* Frameworks */ = {
			isa = PBXGroup;
			children = (
				A446F219432648A172747377 /* Pods_movie.framework */,
				089181733527FE09DFD2DD47 /* Pods_movieTests.framework */,
				8F7429C1AAEF9993E5EAF770 /* Pods_movieUITests.framework */,
			);
			name = Frameworks;
			sourceTree = "<group>";
		};
		7C78774D17444F14C875E19E /* Pods */ = {
			isa = PBXGroup;
			children = (
				CCAFA43F24E1117B50A4689E /* Pods-movie.debug.xcconfig */,
				B1B26879D7B687DD38CD1814 /* Pods-movie.release.xcconfig */,
				626F657E8ED550F4DF4988B7 /* Pods-movieTests.debug.xcconfig */,
				02E9D1EBDCA92769FC7C6C3C /* Pods-movieTests.release.xcconfig */,
				5088D3762E3AFF79988EED89 /* Pods-movieUITests.debug.xcconfig */,
				64E7546D4DA1B0E763EA7172 /* Pods-movieUITests.release.xcconfig */,
			);
			name = Pods;
			sourceTree = "<group>";
		};
		9D516A0621649B66006C5FDE = {
			isa = PBXGroup;
			children = (
				9D516A1121649B66006C5FDE /* movie */,
				9D516A2621649B69006C5FDE /* movieTests */,
				9D516A3121649B69006C5FDE /* movieUITests */,
				9D516A1021649B66006C5FDE /* Products */,
				7C78774D17444F14C875E19E /* Pods */,
				3C76E0B785AD8FA2A9D79F76 /* Frameworks */,
			);
			sourceTree = "<group>";
		};
		9D516A1021649B66006C5FDE /* Products */ = {
			isa = PBXGroup;
			children = (
				9D516A0F21649B66006C5FDE /* movie.app */,
				9D516A2321649B69006C5FDE /* movieTests.xctest */,
				9D516A2E21649B69006C5FDE /* movieUITests.xctest */,
			);
			name = Products;
			sourceTree = "<group>";
		};
		9D516A1121649B66006C5FDE /* movie */ = {
			isa = PBXGroup;
			children = (
				9D516A4021649EBE006C5FDE /* image */,
				9D516A1221649B66006C5FDE /* AppDelegate.swift */,
				9D516A1421649B66006C5FDE /* ViewController.swift */,
				9D516A1621649B66006C5FDE /* Main.storyboard */,
				9D516A1921649B69006C5FDE /* Assets.xcassets */,
				9D516A1B21649B69006C5FDE /* LaunchScreen.storyboard */,
				9D516AE1216B0606006C5FDE /* GoogleService-Info.plist */,
				9D516A1E21649B69006C5FDE /* Info.plist */,
				9D516AE5216B269C006C5FDE /* TimeLineViewController.swift */,
				9D516ADD216A7E43006C5FDE /* Post.swift */,
				9D516ADB216A642B006C5FDE /* PostViewController.swift */,
				9D516AD7216A5AAB006C5FDE /* SingupViewController.swift */,
				9D516AD9216A5D69006C5FDE /* LoginViewController.swift */,
			);
			path = movie;
			sourceTree = "<group>";
		};
		9D516A2621649B69006C5FDE /* movieTests */ = {
			isa = PBXGroup;
			children = (
				9D516A2721649B69006C5FDE /* movieTests.swift */,
				9D516A2921649B69006C5FDE /* Info.plist */,
			);
			path = movieTests;
			sourceTree = "<group>";
		};
		9D516A3121649B69006C5FDE /* movieUITests */ = {
			isa = PBXGroup;
			children = (
				9D516A3221649B69006C5FDE /* movieUITests.swift */,
				9D516A3421649B69006C5FDE /* Info.plist */,
			);
			path = movieUITests;
			sourceTree = "<group>";
		};
		9D516A4021649EBE006C5FDE /* image */ = {
			isa = PBXGroup;
			children = (
				9D516A472164A2B2006C5FDE /* homeicon.png */,
				9D516A492164ABC6006C5FDE /* apple1 2.jpeg */,
				9D516A4A2164ABC6006C5FDE /* apple2 2.jpeg */,
				9D516A4C2164ABC6006C5FDE /* apple3 2.jpeg */,
				9D516A4B2164ABC6006C5FDE /* apple4 2.jpeg */,
				9D516A4D2164ABC6006C5FDE /* apple5 2.jpeg */,
			);
			path = image;
			sourceTree = "<group>";
		};
/* End PBXGroup section */

/* Begin PBXNativeTarget section */
		9D516A0E21649B66006C5FDE /* movie */ = {
			isa = PBXNativeTarget;
			buildConfigurationList = 9D516A3721649B69006C5FDE /* Build configuration list for PBXNativeTarget "movie" */;
			buildPhases = (
				06EF0D988DE742F849D76321 /* [CP] Check Pods Manifest.lock */,
				9D516A0B21649B66006C5FDE /* Sources */,
				9D516A0C21649B66006C5FDE /* Frameworks */,
				9D516A0D21649B66006C5FDE /* Resources */,
				B52DA9EC7B17A13104C7F3E0 /* [CP] Embed Pods Frameworks */,
			);
			buildRules = (
			);
			dependencies = (
			);
			name = movie;
			productName = movie;
			productReference = 9D516A0F21649B66006C5FDE /* movie.app */;
			productType = "com.apple.product-type.application";
		};
		9D516A2221649B69006C5FDE /* movieTests */ = {
			isa = PBXNativeTarget;
			buildConfigurationList = 9D516A3A21649B69006C5FDE /* Build configuration list for PBXNativeTarget "movieTests" */;
			buildPhases = (
				AD76524A7850D147F23193C1 /* [CP] Check Pods Manifest.lock */,
				9D516A1F21649B69006C5FDE /* Sources */,
				9D516A2021649B69006C5FDE /* Frameworks */,
				9D516A2121649B69006C5FDE /* Resources */,
			);
			buildRules = (
			);
			dependencies = (
				9D516A2521649B69006C5FDE /* PBXTargetDependency */,
			);
			name = movieTests;
			productName = movieTests;
			productReference = 9D516A2321649B69006C5FDE /* movieTests.xctest */;
			productType = "com.apple.product-type.bundle.unit-test";
		};
		9D516A2D21649B69006C5FDE /* movieUITests */ = {
			isa = PBXNativeTarget;
			buildConfigurationList = 9D516A3D21649B69006C5FDE /* Build configuration list for PBXNativeTarget "movieUITests" */;
			buildPhases = (
				D314EC8B798774078B610CEE /* [CP] Check Pods Manifest.lock */,
				9D516A2A21649B69006C5FDE /* Sources */,
				9D516A2B21649B69006C5FDE /* Frameworks */,
				9D516A2C21649B69006C5FDE /* Resources */,
			);
			buildRules = (
			);
			dependencies = (
				9D516A3021649B69006C5FDE /* PBXTargetDependency */,
			);
			name = movieUITests;
			productName = movieUITests;
			productReference = 9D516A2E21649B69006C5FDE /* movieUITests.xctest */;
			productType = "com.apple.product-type.bundle.ui-testing";
		};
/* End PBXNativeTarget section */

/* Begin PBXProject section */
		9D516A0721649B66006C5FDE /* Project object */ = {
			isa = PBXProject;
			attributes = {
				LastSwiftUpdateCheck = 1000;
				LastUpgradeCheck = 1000;
				ORGANIZATIONNAME = SatoshiNinomiya;
				TargetAttributes = {
					9D516A0E21649B66006C5FDE = {
						CreatedOnToolsVersion = 10.0;
					};
					9D516A2221649B69006C5FDE = {
						CreatedOnToolsVersion = 10.0;
						TestTargetID = 9D516A0E21649B66006C5FDE;
					};
					9D516A2D21649B69006C5FDE = {
						CreatedOnToolsVersion = 10.0;
						TestTargetID = 9D516A0E21649B66006C5FDE;
					};
				};
			};
			buildConfigurationList = 9D516A0A21649B66006C5FDE /* Build configuration list for PBXProject "movie" */;
			compatibilityVersion = "Xcode 9.3";
			developmentRegion = en;
			hasScannedForEncodings = 0;
			knownRegions = (
				en,
				Base,
			);
			mainGroup = 9D516A0621649B66006C5FDE;
			productRefGroup = 9D516A1021649B66006C5FDE /* Products */;
			projectDirPath = "";
			projectRoot = "";
			targets = (
				9D516A0E21649B66006C5FDE /* movie */,
				9D516A2221649B69006C5FDE /* movieTests */,
				9D516A2D21649B69006C5FDE /* movieUITests */,
			);
		};
/* End PBXProject section */

/* Begin PBXResourcesBuildPhase section */
		9D516A0D21649B66006C5FDE /* Resources */ = {
			isa = PBXResourcesBuildPhase;
			buildActionMask = 2147483647;
			files = (
				9D516A512164ABC6006C5FDE /* apple3 2.jpeg in Resources */,
				9D516A1D21649B69006C5FDE /* LaunchScreen.storyboard in Resources */,
				9D516A522164ABC6006C5FDE /* apple5 2.jpeg in Resources */,
				9D516A4F2164ABC6006C5FDE /* apple2 2.jpeg in Resources */,
				9D516A502164ABC6006C5FDE /* apple4 2.jpeg in Resources */,
				9D516A482164A2B2006C5FDE /* homeicon.png in Resources */,
				9D516A4E2164ABC6006C5FDE /* apple1 2.jpeg in Resources */,
				9D516AE2216B0606006C5FDE /* GoogleService-Info.plist in Resources */,
				9D516A1A21649B69006C5FDE /* Assets.xcassets in Resources */,
				9D516A1821649B66006C5FDE /* Main.storyboard in Resources */,
			);
			runOnlyForDeploymentPostprocessing = 0;
		};
		9D516A2121649B69006C5FDE /* Resources */ = {
			isa = PBXResourcesBuildPhase;
			buildActionMask = 2147483647;
			files = (
			);
			runOnlyForDeploymentPostprocessing = 0;
		};
		9D516A2C21649B69006C5FDE /* Resources */ = {
			isa = PBXResourcesBuildPhase;
			buildActionMask = 2147483647;
			files = (
			);
			runOnlyForDeploymentPostprocessing = 0;
		};
/* End PBXResourcesBuildPhase section */

/* Begin PBXShellScriptBuildPhase section */
		06EF0D988DE742F849D76321 /* [CP] Check Pods Manifest.lock */ = {
			isa = PBXShellScriptBuildPhase;
			buildActionMask = 2147483647;
			files = (
			);
			inputFileListPaths = (
			);
			inputPaths = (
				"${PODS_PODFILE_DIR_PATH}/Podfile.lock",
				"${PODS_ROOT}/Manifest.lock",
			);
			name = "[CP] Check Pods Manifest.lock";
			outputFileListPaths = (
			);
			outputPaths = (
				"$(DERIVED_FILE_DIR)/Pods-movie-checkManifestLockResult.txt",
			);
			runOnlyForDeploymentPostprocessing = 0;
			shellPath = /bin/sh;
			shellScript = "diff \"${PODS_PODFILE_DIR_PATH}/Podfile.lock\" \"${PODS_ROOT}/Manifest.lock\" > /dev/null\nif [ $? != 0 ] ; then\n    # print error to STDERR\n    echo \"error: The sandbox is not in sync with the Podfile.lock. Run 'pod install' or update your CocoaPods installation.\" >&2\n    exit 1\nfi\n# This output is used by Xcode 'outputs' to avoid re-running this script phase.\necho \"SUCCESS\" > \"${SCRIPT_OUTPUT_FILE_0}\"\n";
			showEnvVarsInLog = 0;
		};
		AD76524A7850D147F23193C1 /* [CP] Check Pods Manifest.lock */ = {
			isa = PBXShellScriptBuildPhase;
			buildActionMask = 2147483647;
			files = (
			);
			inputFileListPaths = (
			);
			inputPaths = (
				"${PODS_PODFILE_DIR_PATH}/Podfile.lock",
				"${PODS_ROOT}/Manifest.lock",
			);
			name = "[CP] Check Pods Manifest.lock";
			outputFileListPaths = (
			);
			outputPaths = (
				"$(DERIVED_FILE_DIR)/Pods-movieTests-checkManifestLockResult.txt",
			);
			runOnlyForDeploymentPostprocessing = 0;
			shellPath = /bin/sh;
			shellScript = "diff \"${PODS_PODFILE_DIR_PATH}/Podfile.lock\" \"${PODS_ROOT}/Manifest.lock\" > /dev/null\nif [ $? != 0 ] ; then\n    # print error to STDERR\n    echo \"error: The sandbox is not in sync with the Podfile.lock. Run 'pod install' or update your CocoaPods installation.\" >&2\n    exit 1\nfi\n# This output is used by Xcode 'outputs' to avoid re-running this script phase.\necho \"SUCCESS\" > \"${SCRIPT_OUTPUT_FILE_0}\"\n";
			showEnvVarsInLog = 0;
		};
		B52DA9EC7B17A13104C7F3E0 /* [CP] Embed Pods Frameworks */ = {
			isa = PBXShellScriptBuildPhase;
			buildActionMask = 2147483647;
			files = (
			);
			inputFileListPaths = (
			);
			inputPaths = (
				"${SRCROOT}/Pods/Target Support Files/Pods-movie/Pods-movie-frameworks.sh",
				"${BUILT_PRODUCTS_DIR}/Alamofire/Alamofire.framework",
				"${BUILT_PRODUCTS_DIR}/AlamofireImage/AlamofireImage.framework",
				"${BUILT_PRODUCTS_DIR}/GTMSessionFetcher/GTMSessionFetcher.framework",
				"${BUILT_PRODUCTS_DIR}/GoogleUtilities/GoogleUtilities.framework",
				"${BUILT_PRODUCTS_DIR}/PinterestLayout/PinterestLayout.framework",
				"${BUILT_PRODUCTS_DIR}/Realm/Realm.framework",
				"${BUILT_PRODUCTS_DIR}/RealmSwift/RealmSwift.framework",
				"${BUILT_PRODUCTS_DIR}/leveldb-library/leveldb.framework",
				"${BUILT_PRODUCTS_DIR}/nanopb/nanopb.framework",
			);
			name = "[CP] Embed Pods Frameworks";
			outputFileListPaths = (
			);
			outputPaths = (
				"${TARGET_BUILD_DIR}/${FRAMEWORKS_FOLDER_PATH}/Alamofire.framework",
				"${TARGET_BUILD_DIR}/${FRAMEWORKS_FOLDER_PATH}/AlamofireImage.framework",
				"${TARGET_BUILD_DIR}/${FRAMEWORKS_FOLDER_PATH}/GTMSessionFetcher.framework",
				"${TARGET_BUILD_DIR}/${FRAMEWORKS_FOLDER_PATH}/GoogleUtilities.framework",
				"${TARGET_BUILD_DIR}/${FRAMEWORKS_FOLDER_PATH}/PinterestLayout.framework",
				"${TARGET_BUILD_DIR}/${FRAMEWORKS_FOLDER_PATH}/Realm.framework",
				"${TARGET_BUILD_DIR}/${FRAMEWORKS_FOLDER_PATH}/RealmSwift.framework",
				"${TARGET_BUILD_DIR}/${FRAMEWORKS_FOLDER_PATH}/leveldb.framework",
				"${TARGET_BUILD_DIR}/${FRAMEWORKS_FOLDER_PATH}/nanopb.framework",
			);
			runOnlyForDeploymentPostprocessing = 0;
			shellPath = /bin/sh;
			shellScript = "\"${SRCROOT}/Pods/Target Support Files/Pods-movie/Pods-movie-frameworks.sh\"\n";
			showEnvVarsInLog = 0;
		};
		D314EC8B798774078B610CEE /* [CP] Check Pods Manifest.lock */ = {
			isa = PBXShellScriptBuildPhase;
			buildActionMask = 2147483647;
			files = (
			);
			inputFileListPaths = (
			);
			inputPaths = (
				"${PODS_PODFILE_DIR_PATH}/Podfile.lock",
				"${PODS_ROOT}/Manifest.lock",
			);
			name = "[CP] Check Pods Manifest.lock";
			outputFileListPaths = (
			);
			outputPaths = (
				"$(DERIVED_FILE_DIR)/Pods-movieUITests-checkManifestLockResult.txt",
			);
			runOnlyForDeploymentPostprocessing = 0;
			shellPath = /bin/sh;
			shellScript = "diff \"${PODS_PODFILE_DIR_PATH}/Podfile.lock\" \"${PODS_ROOT}/Manifest.lock\" > /dev/null\nif [ $? != 0 ] ; then\n    # print error to STDERR\n    echo \"error: The sandbox is not in sync with the Podfile.lock. Run 'pod install' or update your CocoaPods installation.\" >&2\n    exit 1\nfi\n# This output is used by Xcode 'outputs' to avoid re-running this script phase.\necho \"SUCCESS\" > \"${SCRIPT_OUTPUT_FILE_0}\"\n";
			showEnvVarsInLog = 0;
		};
/* End PBXShellScriptBuildPhase section */

/* Begin PBXSourcesBuildPhase section */
		9D516A0B21649B66006C5FDE /* Sources */ = {
			isa = PBXSourcesBuildPhase;
			buildActionMask = 2147483647;
			files = (
				9D516A1521649B66006C5FDE /* ViewController.swift in Sources */,
				9D516AD8216A5AAB006C5FDE /* SingupViewController.swift in Sources */,
				9D516AE6216B269C006C5FDE /* TimeLineViewController.swift in Sources */,
				9D516ADE216A7E43006C5FDE /* Post.swift in Sources */,
				9D516ADA216A5D69006C5FDE /* LoginViewController.swift in Sources */,
				9D516A1321649B66006C5FDE /* AppDelegate.swift in Sources */,
				9D516ADC216A642C006C5FDE /* PostViewController.swift in Sources */,
			);
			runOnlyForDeploymentPostprocessing = 0;
		};
		9D516A1F21649B69006C5FDE /* Sources */ = {
			isa = PBXSourcesBuildPhase;
			buildActionMask = 2147483647;
			files = (
				9D516A2821649B69006C5FDE /* movieTests.swift in Sources */,
			);
			runOnlyForDeploymentPostprocessing = 0;
		};
		9D516A2A21649B69006C5FDE /* Sources */ = {
			isa = PBXSourcesBuildPhase;
			buildActionMask = 2147483647;
			files = (
				9D516A3321649B69006C5FDE /* movieUITests.swift in Sources */,
			);
			runOnlyForDeploymentPostprocessing = 0;
		};
/* End PBXSourcesBuildPhase section */

/* Begin PBXTargetDependency section */
		9D516A2521649B69006C5FDE /* PBXTargetDependency */ = {
			isa = PBXTargetDependency;
			target = 9D516A0E21649B66006C5FDE /* movie */;
			targetProxy = 9D516A2421649B69006C5FDE /* PBXContainerItemProxy */;
		};
		9D516A3021649B69006C5FDE /* PBXTargetDependency */ = {
			isa = PBXTargetDependency;
			target = 9D516A0E21649B66006C5FDE /* movie */;
			targetProxy = 9D516A2F21649B69006C5FDE /* PBXContainerItemProxy */;
		};
/* End PBXTargetDependency section */

/* Begin PBXVariantGroup section */
		9D516A1621649B66006C5FDE /* Main.storyboard */ = {
			isa = PBXVariantGroup;
			children = (
				9D516A1721649B66006C5FDE /* Base */,
			);
			name = Main.storyboard;
			sourceTree = "<group>";
		};
		9D516A1B21649B69006C5FDE /* LaunchScreen.storyboard */ = {
			isa = PBXVariantGroup;
			children = (
				9D516A1C21649B69006C5FDE /* Base */,
			);
			name = LaunchScreen.storyboard;
			sourceTree = "<group>";
		};
/* End PBXVariantGroup section */

/* Begin XCBuildConfiguration section */
		9D516A3521649B69006C5FDE /* Debug */ = {
			isa = XCBuildConfiguration;
			buildSettings = {
				ALWAYS_SEARCH_USER_PATHS = NO;
				CLANG_ANALYZER_NONNULL = YES;
				CLANG_ANALYZER_NUMBER_OBJECT_CONVERSION = YES_AGGRESSIVE;
				CLANG_CXX_LANGUAGE_STANDARD = "gnu++14";
				CLANG_CXX_LIBRARY = "libc++";
				CLANG_ENABLE_MODULES = YES;
				CLANG_ENABLE_OBJC_ARC = YES;
				CLANG_ENABLE_OBJC_WEAK = YES;
				CLANG_WARN_BLOCK_CAPTURE_AUTORELEASING = YES;
				CLANG_WARN_BOOL_CONVERSION = YES;
				CLANG_WARN_COMMA = YES;
				CLANG_WARN_CONSTANT_CONVERSION = YES;
				CLANG_WARN_DEPRECATED_OBJC_IMPLEMENTATIONS = YES;
				CLANG_WARN_DIRECT_OBJC_ISA_USAGE = YES_ERROR;
				CLANG_WARN_DOCUMENTATION_COMMENTS = YES;
				CLANG_WARN_EMPTY_BODY = YES;
				CLANG_WARN_ENUM_CONVERSION = YES;
				CLANG_WARN_INFINITE_RECURSION = YES;
				CLANG_WARN_INT_CONVERSION = YES;
				CLANG_WARN_NON_LITERAL_NULL_CONVERSION = YES;
				CLANG_WARN_OBJC_IMPLICIT_RETAIN_SELF = YES;
				CLANG_WARN_OBJC_LITERAL_CONVERSION = YES;
				CLANG_WARN_OBJC_ROOT_CLASS = YES_ERROR;
				CLANG_WARN_RANGE_LOOP_ANALYSIS = YES;
				CLANG_WARN_STRICT_PROTOTYPES = YES;
				CLANG_WARN_SUSPICIOUS_MOVE = YES;
				CLANG_WARN_UNGUARDED_AVAILABILITY = YES_AGGRESSIVE;
				CLANG_WARN_UNREACHABLE_CODE = YES;
				CLANG_WARN__DUPLICATE_METHOD_MATCH = YES;
				CODE_SIGN_IDENTITY = "iPhone Developer";
				COPY_PHASE_STRIP = NO;
				DEBUG_INFORMATION_FORMAT = dwarf;
				ENABLE_STRICT_OBJC_MSGSEND = YES;
				ENABLE_TESTABILITY = YES;
				GCC_C_LANGUAGE_STANDARD = gnu11;
				GCC_DYNAMIC_NO_PIC = NO;
				GCC_NO_COMMON_BLOCKS = YES;
				GCC_OPTIMIZATION_LEVEL = 0;
				GCC_PREPROCESSOR_DEFINITIONS = (
					"DEBUG=1",
					"$(inherited)",
				);
				GCC_WARN_64_TO_32_BIT_CONVERSION = YES;
				GCC_WARN_ABOUT_RETURN_TYPE = YES_ERROR;
				GCC_WARN_UNDECLARED_SELECTOR = YES;
				GCC_WARN_UNINITIALIZED_AUTOS = YES_AGGRESSIVE;
				GCC_WARN_UNUSED_FUNCTION = YES;
				GCC_WARN_UNUSED_VARIABLE = YES;
				IPHONEOS_DEPLOYMENT_TARGET = 12.0;
				MTL_ENABLE_DEBUG_INFO = INCLUDE_SOURCE;
				MTL_FAST_MATH = YES;
				ONLY_ACTIVE_ARCH = YES;
				SDKROOT = iphoneos;
				SWIFT_ACTIVE_COMPILATION_CONDITIONS = DEBUG;
				SWIFT_OPTIMIZATION_LEVEL = "-Onone";
			};
			name = Debug;
		};
		9D516A3621649B69006C5FDE /* Release */ = {
			isa = XCBuildConfiguration;
			buildSettings = {
				ALWAYS_SEARCH_USER_PATHS = NO;
				CLANG_ANALYZER_NONNULL = YES;
				CLANG_ANALYZER_NUMBER_OBJECT_CONVERSION = YES_AGGRESSIVE;
				CLANG_CXX_LANGUAGE_STANDARD = "gnu++14";
				CLANG_CXX_LIBRARY = "libc++";
				CLANG_ENABLE_MODULES = YES;
				CLANG_ENABLE_OBJC_ARC = YES;
				CLANG_ENABLE_OBJC_WEAK = YES;
				CLANG_WARN_BLOCK_CAPTURE_AUTORELEASING = YES;
				CLANG_WARN_BOOL_CONVERSION = YES;
				CLANG_WARN_COMMA = YES;
				CLANG_WARN_CONSTANT_CONVERSION = YES;
				CLANG_WARN_DEPRECATED_OBJC_IMPLEMENTATIONS = YES;
				CLANG_WARN_DIRECT_OBJC_ISA_USAGE = YES_ERROR;
				CLANG_WARN_DOCUMENTATION_COMMENTS = YES;
				CLANG_WARN_EMPTY_BODY = YES;
				CLANG_WARN_ENUM_CONVERSION = YES;
				CLANG_WARN_INFINITE_RECURSION = YES;
				CLANG_WARN_INT_CONVERSION = YES;
				CLANG_WARN_NON_LITERAL_NULL_CONVERSION = YES;
				CLANG_WARN_OBJC_IMPLICIT_RETAIN_SELF = YES;
				CLANG_WARN_OBJC_LITERAL_CONVERSION = YES;
				CLANG_WARN_OBJC_ROOT_CLASS = YES_ERROR;
				CLANG_WARN_RANGE_LOOP_ANALYSIS = YES;
				CLANG_WARN_STRICT_PROTOTYPES = YES;
				CLANG_WARN_SUSPICIOUS_MOVE = YES;
				CLANG_WARN_UNGUARDED_AVAILABILITY = YES_AGGRESSIVE;
				CLANG_WARN_UNREACHABLE_CODE = YES;
				CLANG_WARN__DUPLICATE_METHOD_MATCH = YES;
				CODE_SIGN_IDENTITY = "iPhone Developer";
				COPY_PHASE_STRIP = NO;
				DEBUG_INFORMATION_FORMAT = "dwarf-with-dsym";
				ENABLE_NS_ASSERTIONS = NO;
				ENABLE_STRICT_OBJC_MSGSEND = YES;
				GCC_C_LANGUAGE_STANDARD = gnu11;
				GCC_NO_COMMON_BLOCKS = YES;
				GCC_WARN_64_TO_32_BIT_CONVERSION = YES;
				GCC_WARN_ABOUT_RETURN_TYPE = YES_ERROR;
				GCC_WARN_UNDECLARED_SELECTOR = YES;
				GCC_WARN_UNINITIALIZED_AUTOS = YES_AGGRESSIVE;
				GCC_WARN_UNUSED_FUNCTION = YES;
				GCC_WARN_UNUSED_VARIABLE = YES;
				IPHONEOS_DEPLOYMENT_TARGET = 12.0;
				MTL_ENABLE_DEBUG_INFO = NO;
				MTL_FAST_MATH = YES;
				SDKROOT = iphoneos;
				SWIFT_COMPILATION_MODE = wholemodule;
				SWIFT_OPTIMIZATION_LEVEL = "-O";
				VALIDATE_PRODUCT = YES;
			};
			name = Release;
		};
		9D516A3821649B69006C5FDE /* Debug */ = {
			isa = XCBuildConfiguration;
			baseConfigurationReference = CCAFA43F24E1117B50A4689E /* Pods-movie.debug.xcconfig */;
			buildSettings = {
				ASSETCATALOG_COMPILER_APPICON_NAME = AppIcon;
				CODE_SIGN_STYLE = Automatic;
				DEVELOPMENT_TEAM = L34K8NAVRA;
				INFOPLIST_FILE = movie/Info.plist;
				LD_RUNPATH_SEARCH_PATHS = (
					"$(inherited)",
					"@executable_path/Frameworks",
				);
				PRODUCT_BUNDLE_IDENTIFIER = com.litech.movie;
				PRODUCT_NAME = "$(TARGET_NAME)";
				SWIFT_VERSION = 4.2;
				TARGETED_DEVICE_FAMILY = "1,2";
			};
			name = Debug;
		};
		9D516A3921649B69006C5FDE /* Release */ = {
			isa = XCBuildConfiguration;
			baseConfigurationReference = B1B26879D7B687DD38CD1814 /* Pods-movie.release.xcconfig */;
			buildSettings = {
				ASSETCATALOG_COMPILER_APPICON_NAME = AppIcon;
				CODE_SIGN_STYLE = Automatic;
				DEVELOPMENT_TEAM = L34K8NAVRA;
				INFOPLIST_FILE = movie/Info.plist;
				LD_RUNPATH_SEARCH_PATHS = (
					"$(inherited)",
					"@executable_path/Frameworks",
				);
				PRODUCT_BUNDLE_IDENTIFIER = com.litech.movie;
				PRODUCT_NAME = "$(TARGET_NAME)";
				SWIFT_VERSION = 4.2;
				TARGETED_DEVICE_FAMILY = "1,2";
			};
			name = Release;
		};
		9D516A3B21649B69006C5FDE /* Debug */ = {
			isa = XCBuildConfiguration;
			baseConfigurationReference = 626F657E8ED550F4DF4988B7 /* Pods-movieTests.debug.xcconfig */;
			buildSettings = {
				ALWAYS_EMBED_SWIFT_STANDARD_LIBRARIES = YES;
				BUNDLE_LOADER = "$(TEST_HOST)";
				CODE_SIGN_STYLE = Automatic;
				DEVELOPMENT_TEAM = L34K8NAVRA;
				INFOPLIST_FILE = movieTests/Info.plist;
				LD_RUNPATH_SEARCH_PATHS = (
					"$(inherited)",
					"@executable_path/Frameworks",
					"@loader_path/Frameworks",
				);
				PRODUCT_BUNDLE_IDENTIFIER = com.litech.movieTests;
				PRODUCT_NAME = "$(TARGET_NAME)";
				SWIFT_VERSION = 4.2;
				TARGETED_DEVICE_FAMILY = "1,2";
				TEST_HOST = "$(BUILT_PRODUCTS_DIR)/movie.app/movie";
			};
			name = Debug;
		};
		9D516A3C21649B69006C5FDE /* Release */ = {
			isa = XCBuildConfiguration;
			baseConfigurationReference = 02E9D1EBDCA92769FC7C6C3C /* Pods-movieTests.release.xcconfig */;
			buildSettings = {
				ALWAYS_EMBED_SWIFT_STANDARD_LIBRARIES = YES;
				BUNDLE_LOADER = "$(TEST_HOST)";
				CODE_SIGN_STYLE = Automatic;
				DEVELOPMENT_TEAM = L34K8NAVRA;
				INFOPLIST_FILE = movieTests/Info.plist;
				LD_RUNPATH_SEARCH_PATHS = (
					"$(inherited)",
					"@executable_path/Frameworks",
					"@loader_path/Frameworks",
				);
				PRODUCT_BUNDLE_IDENTIFIER = com.litech.movieTests;
				PRODUCT_NAME = "$(TARGET_NAME)";
				SWIFT_VERSION = 4.2;
				TARGETED_DEVICE_FAMILY = "1,2";
				TEST_HOST = "$(BUILT_PRODUCTS_DIR)/movie.app/movie";
			};
			name = Release;
		};
		9D516A3E21649B69006C5FDE /* Debug */ = {
			isa = XCBuildConfiguration;
			baseConfigurationReference = 5088D3762E3AFF79988EED89 /* Pods-movieUITests.debug.xcconfig */;
			buildSettings = {
				ALWAYS_EMBED_SWIFT_STANDARD_LIBRARIES = YES;
				CODE_SIGN_STYLE = Automatic;
				DEVELOPMENT_TEAM = L34K8NAVRA;
				INFOPLIST_FILE = movieUITests/Info.plist;
				LD_RUNPATH_SEARCH_PATHS = (
					"$(inherited)",
					"@executable_path/Frameworks",
					"@loader_path/Frameworks",
				);
				PRODUCT_BUNDLE_IDENTIFIER = com.litech.movieUITests;
				PRODUCT_NAME = "$(TARGET_NAME)";
				SWIFT_VERSION = 4.2;
				TARGETED_DEVICE_FAMILY = "1,2";
				TEST_TARGET_NAME = movie;
			};
			name = Debug;
		};
		9D516A3F21649B69006C5FDE /* Release */ = {
			isa = XCBuildConfiguration;
			baseConfigurationReference = 64E7546D4DA1B0E763EA7172 /* Pods-movieUITests.release.xcconfig */;
			buildSettings = {
				ALWAYS_EMBED_SWIFT_STANDARD_LIBRARIES = YES;
				CODE_SIGN_STYLE = Automatic;
				DEVELOPMENT_TEAM = L34K8NAVRA;
				INFOPLIST_FILE = movieUITests/Info.plist;
				LD_RUNPATH_SEARCH_PATHS = (
					"$(inherited)",
					"@executable_path/Frameworks",
					"@loader_path/Frameworks",
				);
				PRODUCT_BUNDLE_IDENTIFIER = com.litech.movieUITests;
				PRODUCT_NAME = "$(TARGET_NAME)";
				SWIFT_VERSION = 4.2;
				TARGETED_DEVICE_FAMILY = "1,2";
				TEST_TARGET_NAME = movie;
			};
			name = Release;
		};
/* End XCBuildConfiguration section */

/* Begin XCConfigurationList section */
		9D516A0A21649B66006C5FDE /* Build configuration list for PBXProject "movie" */ = {
			isa = XCConfigurationList;
			buildConfigurations = (
				9D516A3521649B69006C5FDE /* Debug */,
				9D516A3621649B69006C5FDE /* Release */,
			);
			defaultConfigurationIsVisible = 0;
			defaultConfigurationName = Release;
		};
		9D516A3721649B69006C5FDE /* Build configuration list for PBXNativeTarget "movie" */ = {
			isa = XCConfigurationList;
			buildConfigurations = (
				9D516A3821649B69006C5FDE /* Debug */,
				9D516A3921649B69006C5FDE /* Release */,
			);
			defaultConfigurationIsVisible = 0;
			defaultConfigurationName = Release;
		};
		9D516A3A21649B69006C5FDE /* Build configuration list for PBXNativeTarget "movieTests" */ = {
			isa = XCConfigurationList;
			buildConfigurations = (
				9D516A3B21649B69006C5FDE /* Debug */,
				9D516A3C21649B69006C5FDE /* Release */,
			);
			defaultConfigurationIsVisible = 0;
			defaultConfigurationName = Release;
		};
		9D516A3D21649B69006C5FDE /* Build configuration list for PBXNativeTarget "movieUITests" */ = {
			isa = XCConfigurationList;
			buildConfigurations = (
				9D516A3E21649B69006C5FDE /* Debug */,
				9D516A3F21649B69006C5FDE /* Release */,
			);
			defaultConfigurationIsVisible = 0;
			defaultConfigurationName = Release;
		};
/* End XCConfigurationList section */
	};
	rootObject = 9D516A0721649B66006C5FDE /* Project object */;
}
